
Microsoft Visual Studio Solution File, Format Version 12.00
# Visual Studio 15
VisualStudioVersion = 15.0.27703.2035
MinimumVisualStudioVersion = 10.0.40219.1
Project("{FAE04EC0-301F-11D3-BF4B-00C04F79EFBC}") = "June.UpcItemDB.App.Android", "June.UpcItemDB.App\June.UpcItemDB.App.Android\June.UpcItemDB.App.Android.csproj", "{992965FE-F220-4370-9B01-40B8FEA26FCA}"
EndProject
Project("{FAE04EC0-301F-11D3-BF4B-00C04F79EFBC}") = "June.UpcItemDB.App.iOS", "June.UpcItemDB.App\June.UpcItemDB.App.iOS\June.UpcItemDB.App.iOS.csproj", "{AE2ACF23-2CC3-44D3-B2A5-F9601D2756D3}"
EndProject
Project("{FAE04EC0-301F-11D3-BF4B-00C04F79EFBC}") = "June.UpcItemDB.App", "June.UpcItemDB.App\June.UpcItemDB.App\June.UpcItemDB.App.csproj", "{76F9781A-2886-429E-8326-A80429A4EC8E}"
EndProject
Project("{FAE04EC0-301F-11D3-BF4B-00C04F79EFBC}") = "June.UpcItemDB", "June.UpcItemDB\June.UpcItemDB.csproj", "{8E441595-A744-44B9-B555-24C3FE2CE8E1}"
EndProject
Global
	GlobalSection(SolutionConfigurationPlatforms) = preSolution
		Ad-Hoc|Any CPU = Ad-Hoc|Any CPU
		Ad-Hoc|iPhone = Ad-Hoc|iPhone
		Ad-Hoc|iPhoneSimulator = Ad-Hoc|iPhoneSimulator
		AppStore|Any CPU = AppStore|Any CPU
		AppStore|iPhone = AppStore|iPhone
		AppStore|iPhoneSimulator = AppStore|iPhoneSimulator
		Debug|Any CPU = Debug|Any CPU
		Debug|iPhone = Debug|iPhone
		Debug|iPhoneSimulator = Debug|iPhoneSimulator
		Release|Any CPU = Release|Any CPU
		Release|iPhone = Release|iPhone
		Release|iPhoneSimulator = Release|iPhoneSimulator
	EndGlobalSection
	GlobalSection(ProjectConfigurationPlatforms) = postSolution
		{992965FE-F220-4370-9B01-40B8FEA26FCA}.Ad-Hoc|Any CPU.ActiveCfg = Release|Any CPU
		{992965FE-F220-4370-9B01-40B8FEA26FCA}.Ad-Hoc|Any CPU.Build.0 = Release|Any CPU
		{992965FE-F220-4370-9B01-40B8FEA26FCA}.Ad-Hoc|Any CPU.Deploy.0 = Release|Any CPU
		{992965FE-F220-4370-9B01-40B8FEA26FCA}.Ad-Hoc|iPhone.ActiveCfg = Release|Any CPU
		{992965FE-F220-4370-9B01-40B8FEA26FCA}.Ad-Hoc|iPhone.Build.0 = Release|Any CPU
		{992965FE-F220-4370-9B01-40B8FEA26FCA}.Ad-Hoc|iPhone.Deploy.0 = Release|Any CPU
		{992965FE-F220-4370-9B01-40B8FEA26FCA}.Ad-Hoc|iPhoneSimulator.ActiveCfg = Release|Any CPU
		{992965FE-F220-4370-9B01-40B8FEA26FCA}.Ad-Hoc|iPhoneSimulator.Build.0 = Release|Any CPU
		{992965FE-F220-4370-9B01-40B8FEA26FCA}.Ad-Hoc|iPhoneSimulator.Deploy.0 = Release|Any CPU
		{992965FE-F220-4370-9B01-40B8FEA26FCA}.AppStore|Any CPU.ActiveCfg = Release|Any CPU
		{992965FE-F220-4370-9B01-40B8FEA26FCA}.AppStore|Any CPU.Build.0 = Release|Any CPU
		{992965FE-F220-4370-9B01-40B8FEA26FCA}.AppStore|Any CPU.Deploy.0 = Release|Any CPU
		{992965FE-F220-4370-9B01-40B8FEA26FCA}.AppStore|iPhone.ActiveCfg = Release|Any CPU
		{992965FE-F220-4370-9B01-40B8FEA26FCA}.AppStore|iPhone.Build.0 = Release|Any CPU
		{992965FE-F220-4370-9B01-40B8FEA26FCA}.AppStore|iPhone.Deploy.0 = Release|Any CPU
		{992965FE-F220-4370-9B01-40B8FEA26FCA}.AppStore|iPhoneSimulator.ActiveCfg = Release|Any CPU
		{992965FE-F220-4370-9B01-40B8FEA26FCA}.AppStore|iPhoneSimulator.Build.0 = Release|Any CPU
		{992965FE-F220-4370-9B01-40B8FEA26FCA}.AppStore|iPhoneSimulator.Deploy.0 = Release|Any CPU
		{992965FE-F220-4370-9B01-40B8FEA26FCA}.Debug|Any CPU.ActiveCfg = Debug|Any CPU
		{992965FE-F220-4370-9B01-40B8FEA26FCA}.Debug|Any CPU.Build.0 = Debug|Any CPU
		{992965FE-F220-4370-9B01-40B8FEA26FCA}.Debug|Any CPU.Deploy.0 = Debug|Any CPU
		{992965FE-F220-4370-9B01-40B8FEA26FCA}.Debug|iPhone.ActiveCfg = Debug|Any CPU
		{992965FE-F220-4370-9B01-40B8FEA26FCA}.Debug|iPhone.Build.0 = Debug|Any CPU
		{992965FE-F220-4370-9B01-40B8FEA26FCA}.Debug|iPhone.Deploy.0 = Debug|Any CPU
		{992965FE-F220-4370-9B01-40B8FEA26FCA}.Debug|iPhoneSimulator.ActiveCfg = Debug|Any CPU
		{992965FE-F220-4370-9B01-40B8FEA26FCA}.Debug|iPhoneSimulator.Build.0 = Debug|Any CPU
		{992965FE-F220-4370-9B01-40B8FEA26FCA}.Debug|iPhoneSimulator.Deploy.0 = Debug|Any CPU
		{992965FE-F220-4370-9B01-40B8FEA26FCA}.Release|Any CPU.ActiveCfg = Release|Any CPU
		{992965FE-F220-4370-9B01-40B8FEA26FCA}.Release|Any CPU.Build.0 = Release|Any CPU
		{992965FE-F220-4370-9B01-40B8FEA26FCA}.Release|Any CPU.Deploy.0 = Release|Any CPU
		{992965FE-F220-4370-9B01-40B8FEA26FCA}.Release|iPhone.ActiveCfg = Release|Any CPU
		{992965FE-F220-4370-9B01-40B8FEA26FCA}.Release|iPhone.Build.0 = Release|Any CPU
		{992965FE-F220-4370-9B01-40B8FEA26FCA}.Release|iPhone.Deploy.0 = Release|Any CPU
		{992965FE-F220-4370-9B01-40B8FEA26FCA}.Release|iPhoneSimulator.ActiveCfg = Release|Any CPU
		{992965FE-F220-4370-9B01-40B8FEA26FCA}.Release|iPhoneSimulator.Build.0 = Release|Any CPU
		{992965FE-F220-4370-9B01-40B8FEA26FCA}.Release|iPhoneSimulator.Deploy.0 = Release|Any CPU
		{AE2ACF23-2CC3-44D3-B2A5-F9601D2756D3}.Ad-Hoc|Any CPU.ActiveCfg = Ad-Hoc|iPhone
		{AE2ACF23-2CC3-44D3-B2A5-F9601D2756D3}.Ad-Hoc|Any CPU.Build.0 = Ad-Hoc|iPhone
		{AE2ACF23-2CC3-44D3-B2A5-F9601D2756D3}.Ad-Hoc|Any CPU.Deploy.0 = Ad-Hoc|iPhone
		{AE2ACF23-2CC3-44D3-B2A5-F9601D2756D3}.Ad-Hoc|iPhone.ActiveCfg = Ad-Hoc|iPhone
		{AE2ACF23-2CC3-44D3-B2A5-F9601D2756D3}.Ad-Hoc|iPhone.Build.0 = Ad-Hoc|iPhone
		{AE2ACF23-2CC3-44D3-B2A5-F9601D2756D3}.Ad-Hoc|iPhone.Deploy.0 = Ad-Hoc|iPhone
		{AE2ACF23-2CC3-44D3-B2A5-F9601D2756D3}.Ad-Hoc|iPhoneSimulator.ActiveCfg = Ad-Hoc|iPhoneSimulator
		{AE2ACF23-2CC3-44D3-B2A5-F9601D2756D3}.Ad-Hoc|iPhoneSimulator.Build.0 = Ad-Hoc|iPhoneSimulator
		{AE2ACF23-2CC3-44D3-B2A5-F9601D2756D3}.Ad-Hoc|iPhoneSimulator.Deploy.0 = Ad-Hoc|iPhoneSimulator
		{AE2ACF23-2CC3-44D3-B2A5-F9601D2756D3}.AppStore|Any CPU.ActiveCfg = AppStore|iPhone
		{AE2ACF23-2CC3-44D3-B2A5-F9601D2756D3}.AppStore|Any CPU.Build.0 = AppStore|iPhone
		{AE2ACF23-2CC3-44D3-B2A5-F9601D2756D3}.AppStore|Any CPU.Deploy.0 = AppStore|iPhone
		{AE2ACF23-2CC3-44D3-B2A5-F9601D2756D3}.AppStore|iPhone.ActiveCfg = AppStore|iPhone
		{AE2ACF23-2CC3-44D3-B2A5-F9601D2756D3}.AppStore|iPhone.Build.0 = AppStore|iPhone
		{AE2ACF23-2CC3-44D3-B2A5-F9601D2756D3}.AppStore|iPhone.Deploy.0 = AppStore|iPhone
		{AE2ACF23-2CC3-44D3-B2A5-F9601D2756D3}.AppStore|iPhoneSimulator.ActiveCfg = AppStore|iPhoneSimulator
		{AE2ACF23-2CC3-44D3-B2A5-F9601D2756D3}.AppStore|iPhoneSimulator.Build.0 = AppStore|iPhoneSimulator
		{AE2ACF23-2CC3-44D3-B2A5-F9601D2756D3}.AppStore|iPhoneSimulator.Deploy.0 = AppStore|iPhoneSimulator
		{AE2ACF23-2CC3-44D3-B2A5-F9601D2756D3}.Debug|Any CPU.ActiveCfg = Debug|iPhoneSimulator
		{AE2ACF23-2CC3-44D3-B2A5-F9601D2756D3}.Debug|Any CPU.Build.0 = Debug|iPhoneSimulator
		{AE2ACF23-2CC3-44D3-B2A5-F9601D2756D3}.Debug|Any CPU.Deploy.0 = Debug|iPhoneSimulator
		{AE2ACF23-2CC3-44D3-B2A5-F9601D2756D3}.Debug|iPhone.ActiveCfg = Debug|iPhone
		{AE2ACF23-2CC3-44D3-B2A5-F9601D2756D3}.Debug|iPhone.Build.0 = Debug|iPhone
		{AE2ACF23-2CC3-44D3-B2A5-F9601D2756D3}.Debug|iPhone.Deploy.0 = Debug|iPhone
		{AE2ACF23-2CC3-44D3-B2A5-F9601D2756D3}.Debug|iPhoneSimulator.ActiveCfg = Debug|iPhoneSimulator
		{AE2ACF23-2CC3-44D3-B2A5-F9601D2756D3}.Debug|iPhoneSimulator.Build.0 = Debug|iPhoneSimulator
		{AE2ACF23-2CC3-44D3-B2A5-F9601D2756D3}.Debug|iPhoneSimulator.Deploy.0 = Debug|iPhoneSimulator
		{AE2ACF23-2CC3-44D3-B2A5-F9601D2756D3}.Release|Any CPU.ActiveCfg = Release|iPhone
		{AE2ACF23-2CC3-44D3-B2A5-F9601D2756D3}.Release|Any CPU.Build.0 = Release|iPhone
		{AE2ACF23-2CC3-44D3-B2A5-F9601D2756D3}.Release|Any CPU.Deploy.0 = Release|iPhone
		{AE2ACF23-2CC3-44D3-B2A5-F9601D2756D3}.Release|iPhone.ActiveCfg = Release|iPhone
		{AE2ACF23-2CC3-44D3-B2A5-F9601D2756D3}.Release|iPhone.Build.0 = Release|iPhone
		{AE2ACF23-2CC3-44D3-B2A5-F9601D2756D3}.Release|iPhone.Deploy.0 = Release|iPhone
		{AE2ACF23-2CC3-44D3-B2A5-F9601D2756D3}.Release|iPhoneSimulator.ActiveCfg = Release|iPhoneSimulator
		{AE2ACF23-2CC3-44D3-B2A5-F9601D2756D3}.Release|iPhoneSimulator.Build.0 = Release|iPhoneSimulator
		{AE2ACF23-2CC3-44D3-B2A5-F9601D2756D3}.Release|iPhoneSimulator.Deploy.0 = Release|iPhoneSimulator
		{76F9781A-2886-429E-8326-A80429A4EC8E}.Ad-Hoc|Any CPU.ActiveCfg = Debug|Any CPU
		{76F9781A-2886-429E-8326-A80429A4EC8E}.Ad-Hoc|Any CPU.Build.0 = Debug|Any CPU
		{76F9781A-2886-429E-8326-A80429A4EC8E}.Ad-Hoc|Any CPU.Deploy.0 = Debug|Any CPU
		{76F9781A-2886-429E-8326-A80429A4EC8E}.Ad-Hoc|iPhone.ActiveCfg = Debug|Any CPU
		{76F9781A-2886-429E-8326-A80429A4EC8E}.Ad-Hoc|iPhone.Build.0 = Debug|Any CPU
		{76F9781A-2886-429E-8326-A80429A4EC8E}.Ad-Hoc|iPhone.Deploy.0 = Debug|Any CPU
		{76F9781A-2886-429E-8326-A80429A4EC8E}.Ad-Hoc|iPhoneSimulator.ActiveCfg = Debug|Any CPU
		{76F9781A-2886-429E-8326-A80429A4EC8E}.Ad-Hoc|iPhoneSimulator.Build.0 = Debug|Any CPU
		{76F9781A-2886-429E-8326-A80429A4EC8E}.Ad-Hoc|iPhoneSimulator.Deploy.0 = Debug|Any CPU
		{76F9781A-2886-429E-8326-A80429A4EC8E}.AppStore|Any CPU.ActiveCfg = Debug|Any CPU
		{76F9781A-2886-429E-8326-A80429A4EC8E}.AppStore|Any CPU.Build.0 = Debug|Any CPU
		{76F9781A-2886-429E-8326-A80429A4EC8E}.AppStore|Any CPU.Deploy.0 = Debug|Any CPU
		{76F9781A-2886-429E-8326-A80429A4EC8E}.AppStore|iPhone.ActiveCfg = Debug|Any CPU
		{76F9781A-2886-429E-8326-A80429A4EC8E}.AppStore|iPhone.Build.0 = Debug|Any CPU
		{76F9781A-2886-429E-8326-A80429A4EC8E}.AppStore|iPhone.Deploy.0 = Debug|Any CPU
		{76F9781A-2886-429E-8326-A80429A4EC8E}.AppStore|iPhoneSimulator.ActiveCfg = Debug|Any CPU
		{76F9781A-2886-429E-8326-A80429A4EC8E}.AppStore|iPhoneSimulator.Build.0 = Debug|Any CPU
		{76F9781A-2886-429E-8326-A80429A4EC8E}.AppStore|iPhoneSimulator.Deploy.0 = Debug|Any CPU
		{76F9781A-2886-429E-8326-A80429A4EC8E}.Debug|Any CPU.ActiveCfg = Debug|Any CPU
		{76F9781A-2886-429E-8326-A80429A4EC8E}.Debug|Any CPU.Build.0 = Debug|Any CPU
		{76F9781A-2886-429E-8326-A80429A4EC8E}.Debug|Any CPU.Deploy.0 = Debug|Any CPU
		{76F9781A-2886-429E-8326-A80429A4EC8E}.Debug|iPhone.ActiveCfg = Debug|Any CPU
		{76F9781A-2886-429E-8326-A80429A4EC8E}.Debug|iPhone.Build.0 = Debug|Any CPU
		{76F9781A-2886-429E-8326-A80429A4EC8E}.Debug|iPhone.Deploy.0 = Debug|Any CPU
		{76F9781A-2886-429E-8326-A80429A4EC8E}.Debug|iPhoneSimulator.ActiveCfg = Debug|Any CPU
		{76F9781A-2886-429E-8326-A80429A4EC8E}.Debug|iPhoneSimulator.Build.0 = Debug|Any CPU
		{76F9781A-2886-429E-8326-A80429A4EC8E}.Debug|iPhoneSimulator.Deploy.0 = Debug|Any CPU
		{76F9781A-2886-429E-8326-A80429A4EC8E}.Release|Any CPU.ActiveCfg = Release|Any CPU
		{76F9781A-2886-429E-8326-A80429A4EC8E}.Release|Any CPU.Build.0 = Release|Any CPU
		{76F9781A-2886-429E-8326-A80429A4EC8E}.Release|Any CPU.Deploy.0 = Release|Any CPU
		{76F9781A-2886-429E-8326-A80429A4EC8E}.Release|iPhone.ActiveCfg = Release|Any CPU
		{76F9781A-2886-429E-8326-A80429A4EC8E}.Release|iPhone.Build.0 = Release|Any CPU
		{76F9781A-2886-429E-8326-A80429A4EC8E}.Release|iPhone.Deploy.0 = Release|Any CPU
		{76F9781A-2886-429E-8326-A80429A4EC8E}.Release|iPhoneSimulator.ActiveCfg = Release|Any CPU
		{76F9781A-2886-429E-8326-A80429A4EC8E}.Release|iPhoneSimulator.Build.0 = Release|Any CPU
		{76F9781A-2886-429E-8326-A80429A4EC8E}.Release|iPhoneSimulator.Deploy.0 = Release|Any CPU
		{8E441595-A744-44B9-B555-24C3FE2CE8E1}.Ad-Hoc|Any CPU.ActiveCfg = Debug|Any CPU
		{8E441595-A744-44B9-B555-24C3FE2CE8E1}.Ad-Hoc|Any CPU.Build.0 = Debug|Any CPU
		{8E441595-A744-44B9-B555-24C3FE2CE8E1}.Ad-Hoc|iPhone.ActiveCfg = Debug|Any CPU
		{8E441595-A744-44B9-B555-24C3FE2CE8E1}.Ad-Hoc|iPhone.Build.0 = Debug|Any CPU
		{8E441595-A744-44B9-B555-24C3FE2CE8E1}.Ad-Hoc|iPhoneSimulator.ActiveCfg = Debug|Any CPU
		{8E441595-A744-44B9-B555-24C3FE2CE8E1}.Ad-Hoc|iPhoneSimulator.Build.0 = Debug|Any CPU
		{8E441595-A744-44B9-B555-24C3FE2CE8E1}.AppStore|Any CPU.ActiveCfg = Debug|Any CPU
		{8E441595-A744-44B9-B555-24C3FE2CE8E1}.AppStore|Any CPU.Build.0 = Debug|Any CPU
		{8E441595-A744-44B9-B555-24C3FE2CE8E1}.AppStore|iPhone.ActiveCfg = Debug|Any CPU
		{8E441595-A744-44B9-B555-24C3FE2CE8E1}.AppStore|iPhone.Build.0 = Debug|Any CPU
		{8E441595-A744-44B9-B555-24C3FE2CE8E1}.AppStore|iPhoneSimulator.ActiveCfg = Debug|Any CPU
		{8E441595-A744-44B9-B555-24C3FE2CE8E1}.AppStore|iPhoneSimulator.Build.0 = Debug|Any CPU
		{8E441595-A744-44B9-B555-24C3FE2CE8E1}.Debug|Any CPU.ActiveCfg = Debug|Any CPU
		{8E441595-A744-44B9-B555-24C3FE2CE8E1}.Debug|Any CPU.Build.0 = Debug|Any CPU
		{8E441595-A744-44B9-B555-24C3FE2CE8E1}.Debug|iPhone.ActiveCfg = Debug|Any CPU
		{8E441595-A744-44B9-B555-24C3FE2CE8E1}.Debug|iPhone.Build.0 = Debug|Any CPU
		{8E441595-A744-44B9-B555-24C3FE2CE8E1}.Debug|iPhoneSimulator.ActiveCfg = Debug|Any CPU
		{8E441595-A744-44B9-B555-24C3FE2CE8E1}.Debug|iPhoneSimulator.Build.0 = Debug|Any CPU
		{8E441595-A744-44B9-B555-24C3FE2CE8E1}.Release|Any CPU.ActiveCfg = Release|Any CPU
		{8E441595-A744-44B9-B555-24C3FE2CE8E1}.Release|Any CPU.Build.0 = Release|Any CPU
		{8E441595-A744-44B9-B555-24C3FE2CE8E1}.Release|iPhone.ActiveCfg = Release|Any CPU
		{8E441595-A744-44B9-B555-24C3FE2CE8E1}.Release|iPhone.Build.0 = Release|Any CPU
		{8E441595-A744-44B9-B555-24C3FE2CE8E1}.Release|iPhoneSimulator.ActiveCfg = Release|Any CPU
		{8E441595-A744-44B9-B555-24C3FE2CE8E1}.Release|iPhoneSimulator.Build.0 = Release|Any CPU
	EndGlobalSection
	GlobalSection(SolutionProperties) = preSolution
		HideSolutionNode = FALSE
	EndGlobalSection
	GlobalSection(ExtensibilityGlobals) = postSolution
		SolutionGuid = {0B7EBE66-878B-4B49-80AA-67A5A54F3228}
	EndGlobalSection
EndGlobal
